
Microsoft Visual Studio Solution File, Format Version 12.00
# Visual Studio Version 17
VisualStudioVersion = 17.1.32203.90
MinimumVisualStudioVersion = 10.0.40219.1
Project("{FAE04EC0-301F-11D3-BF4B-00C04F79EFBC}") = "FloodIt", "FloodIt\FloodIt.csproj", "{9A6AFD6E-E841-425D-AA73-03C1AD350850}"
EndProject
Global
	GlobalSection(SolutionConfigurationPlatforms) = preSolution
		Debug|Any CPU = Debug|Any CPU
		Release|Any CPU = Release|Any CPU
	EndGlobalSection
	GlobalSection(ProjectConfigurationPlatforms) = postSolution
		{9A6AFD6E-E841-425D-AA73-03C1AD350850}.Debug|Any CPU.ActiveCfg = Debug|Any CPU
		{9A6AFD6E-E841-425D-AA73-03C1AD350850}.Debug|Any CPU.Build.0 = Debug|Any CPU
		{9A6AFD6E-E841-425D-AA73-03C1AD350850}.Release|Any CPU.ActiveCfg = Release|Any CPU
		{9A6AFD6E-E841-425D-AA73-03C1AD350850}.Release|Any CPU.Build.0 = Release|Any CPU
	EndGlobalSection
	GlobalSection(SolutionProperties) = preSolution
		HideSolutionNode = FALSE
	EndGlobalSection
	GlobalSection(ExtensibilityGlobals) = postSolution
		SolutionGuid = {D95EFFB4-81EB-4926-B783-7291A421311A}
	EndGlobalSection
EndGlobal
